
Microsoft Visual Studio Solution File, Format Version 12.00
# Visual Studio Version 17
VisualStudioVersion = 17.12.35527.113 d17.12
MinimumVisualStudioVersion = 10.0.40219.1
Project("{FAE04EC0-301F-11D3-BF4B-00C04F79EFBC}") = "CollectionPool", "CollectionPool.csproj", "{4447AEF0-D359-42AB-A4CF-417B68DDB456}"
EndProject
Global
	GlobalSection(SolutionConfigurationPlatforms) = preSolution
		Debug|Any CPU = Debug|Any CPU
		Release|Any CPU = Release|Any CPU
	EndGlobalSection
	GlobalSection(ProjectConfigurationPlatforms) = postSolution
		{4447AEF0-D359-42AB-A4CF-417B68DDB456}.Debug|Any CPU.ActiveCfg = Debug|Any CPU
		{4447AEF0-D359-42AB-A4CF-417B68DDB456}.Debug|Any CPU.Build.0 = Debug|Any CPU
		{4447AEF0-D359-42AB-A4CF-417B68DDB456}.Release|Any CPU.ActiveCfg = Release|Any CPU
		{4447AEF0-D359-42AB-A4CF-417B68DDB456}.Release|Any CPU.Build.0 = Release|Any CPU
	EndGlobalSection
	GlobalSection(SolutionProperties) = preSolution
		HideSolutionNode = FALSE
	EndGlobalSection
EndGlobal
